
Microsoft Visual Studio Solution File, Format Version 12.00
# Visual Studio Version 16
VisualStudioVersion = 16.0.30413.136
MinimumVisualStudioVersion = 10.0.40219.1
Project("{FAE04EC0-301F-11D3-BF4B-00C04F79EFBC}") = "RentABike", "RentABike.csproj", "{65C477C9-6AFD-47BF-9F00-F84EC76F6810}"
EndProject
Global
	GlobalSection(SolutionConfigurationPlatforms) = preSolution
		Debug|Any CPU = Debug|Any CPU
		Release|Any CPU = Release|Any CPU
	EndGlobalSection
	GlobalSection(ProjectConfigurationPlatforms) = postSolution
		{65C477C9-6AFD-47BF-9F00-F84EC76F6810}.Debug|Any CPU.ActiveCfg = Debug|Any CPU
		{65C477C9-6AFD-47BF-9F00-F84EC76F6810}.Debug|Any CPU.Build.0 = Debug|Any CPU
		{65C477C9-6AFD-47BF-9F00-F84EC76F6810}.Release|Any CPU.ActiveCfg = Release|Any CPU
		{65C477C9-6AFD-47BF-9F00-F84EC76F6810}.Release|Any CPU.Build.0 = Release|Any CPU
	EndGlobalSection
	GlobalSection(SolutionProperties) = preSolution
		HideSolutionNode = FALSE
	EndGlobalSection
	GlobalSection(ExtensibilityGlobals) = postSolution
		SolutionGuid = {1B49E961-9C65-4EDC-9FF9-00F52C9A0710}
	EndGlobalSection
EndGlobal
